
Microsoft Visual Studio Solution File, Format Version 12.00
# Visual Studio Version 17
VisualStudioVersion = 17.7.34221.43
MinimumVisualStudioVersion = 10.0.40219.1
Project("{9A19103F-16F7-4668-BE54-9A1E7A4F7556}") = "Day01", "Day01\Day01.csproj", "{D89A98D4-F5CA-46D1-A6E6-4357B74A3362}"
EndProject
Project("{9A19103F-16F7-4668-BE54-9A1E7A4F7556}") = "UnitTests", "UnitTests\UnitTests.csproj", "{40DB7FA4-E8CD-46D2-A046-747185CCAF5F}"
EndProject
Project("{9A19103F-16F7-4668-BE54-9A1E7A4F7556}") = "Day02", "Day02\Day02.csproj", "{0C81CF61-92A4-444D-9B26-94471D358E7A}"
EndProject
Project("{FAE04EC0-301F-11D3-BF4B-00C04F79EFBC}") = "Day03", "Day03\Day03.csproj", "{71871FD0-D767-4D69-9929-F6AF2C47BAF5}"
EndProject
Project("{FAE04EC0-301F-11D3-BF4B-00C04F79EFBC}") = "Day04", "Day04\Day04.csproj", "{6E2EE61D-09AB-48FE-917A-2E4D55DC499F}"
EndProject
Project("{FAE04EC0-301F-11D3-BF4B-00C04F79EFBC}") = "Day05", "Day05\Day05.csproj", "{D472C675-A9FE-481B-BAB6-06EDDF2296A3}"
EndProject
Global
	GlobalSection(SolutionConfigurationPlatforms) = preSolution
		Debug|Any CPU = Debug|Any CPU
		Release|Any CPU = Release|Any CPU
	EndGlobalSection
	GlobalSection(ProjectConfigurationPlatforms) = postSolution
		{D89A98D4-F5CA-46D1-A6E6-4357B74A3362}.Debug|Any CPU.ActiveCfg = Debug|Any CPU
		{D89A98D4-F5CA-46D1-A6E6-4357B74A3362}.Debug|Any CPU.Build.0 = Debug|Any CPU
		{D89A98D4-F5CA-46D1-A6E6-4357B74A3362}.Release|Any CPU.ActiveCfg = Release|Any CPU
		{D89A98D4-F5CA-46D1-A6E6-4357B74A3362}.Release|Any CPU.Build.0 = Release|Any CPU
		{40DB7FA4-E8CD-46D2-A046-747185CCAF5F}.Debug|Any CPU.ActiveCfg = Debug|Any CPU
		{40DB7FA4-E8CD-46D2-A046-747185CCAF5F}.Debug|Any CPU.Build.0 = Debug|Any CPU
		{40DB7FA4-E8CD-46D2-A046-747185CCAF5F}.Release|Any CPU.ActiveCfg = Release|Any CPU
		{40DB7FA4-E8CD-46D2-A046-747185CCAF5F}.Release|Any CPU.Build.0 = Release|Any CPU
		{0C81CF61-92A4-444D-9B26-94471D358E7A}.Debug|Any CPU.ActiveCfg = Debug|Any CPU
		{0C81CF61-92A4-444D-9B26-94471D358E7A}.Debug|Any CPU.Build.0 = Debug|Any CPU
		{0C81CF61-92A4-444D-9B26-94471D358E7A}.Release|Any CPU.ActiveCfg = Release|Any CPU
		{0C81CF61-92A4-444D-9B26-94471D358E7A}.Release|Any CPU.Build.0 = Release|Any CPU
		{71871FD0-D767-4D69-9929-F6AF2C47BAF5}.Debug|Any CPU.ActiveCfg = Debug|Any CPU
		{71871FD0-D767-4D69-9929-F6AF2C47BAF5}.Debug|Any CPU.Build.0 = Debug|Any CPU
		{71871FD0-D767-4D69-9929-F6AF2C47BAF5}.Release|Any CPU.ActiveCfg = Release|Any CPU
		{71871FD0-D767-4D69-9929-F6AF2C47BAF5}.Release|Any CPU.Build.0 = Release|Any CPU
		{6E2EE61D-09AB-48FE-917A-2E4D55DC499F}.Debug|Any CPU.ActiveCfg = Debug|Any CPU
		{6E2EE61D-09AB-48FE-917A-2E4D55DC499F}.Debug|Any CPU.Build.0 = Debug|Any CPU
		{6E2EE61D-09AB-48FE-917A-2E4D55DC499F}.Release|Any CPU.ActiveCfg = Release|Any CPU
		{6E2EE61D-09AB-48FE-917A-2E4D55DC499F}.Release|Any CPU.Build.0 = Release|Any CPU
		{D472C675-A9FE-481B-BAB6-06EDDF2296A3}.Debug|Any CPU.ActiveCfg = Debug|Any CPU
		{D472C675-A9FE-481B-BAB6-06EDDF2296A3}.Debug|Any CPU.Build.0 = Debug|Any CPU
		{D472C675-A9FE-481B-BAB6-06EDDF2296A3}.Release|Any CPU.ActiveCfg = Release|Any CPU
		{D472C675-A9FE-481B-BAB6-06EDDF2296A3}.Release|Any CPU.Build.0 = Release|Any CPU
	EndGlobalSection
	GlobalSection(SolutionProperties) = preSolution
		HideSolutionNode = FALSE
	EndGlobalSection
	GlobalSection(ExtensibilityGlobals) = postSolution
		SolutionGuid = {C662172A-D6F6-4403-8884-8893AE8ACB8C}
	EndGlobalSection
EndGlobal
